
Microsoft Visual Studio Solution File, Format Version 12.00
# Visual Studio Version 17
VisualStudioVersion = 17.1.32328.378
MinimumVisualStudioVersion = 10.0.40219.1
Project("{2150E333-8FDC-42A3-9474-1A3956D46DE8}") = "01.Services", "01.Services", "{4FB52E2A-029E-4468-97B5-75AE571F407F}"
EndProject
Project("{2150E333-8FDC-42A3-9474-1A3956D46DE8}") = "01.Identity", "01.Identity", "{3B700722-621A-4628-8FDC-CD239CC31D50}"
EndProject
Project("{2150E333-8FDC-42A3-9474-1A3956D46DE8}") = "02.Catalog", "02.Catalog", "{5419517A-40E3-4232-94F7-DADD15713B29}"
EndProject
Project("{2150E333-8FDC-42A3-9474-1A3956D46DE8}") = "03.Customer", "03.Customer", "{F3DD956C-90C6-4BF9-8E86-EC5C25BA1C40}"
EndProject
Project("{2150E333-8FDC-42A3-9474-1A3956D46DE8}") = "04.Order", "04.Order", "{3FA5803F-6955-489A-9CE1-1AD6693DDB08}"
EndProject
Project("{9A19103F-16F7-4668-BE54-9A1E7A4F7556}") = "Catalog.API", "Source\Services\Catalog\Catalog.API\Catalog.API.csproj", "{2DCB75B8-0FCD-4CAA-AC73-743BA0AD359E}"
EndProject
Project("{2150E333-8FDC-42A3-9474-1A3956D46DE8}") = "01.API", "01.API", "{CE9D5125-C132-416E-88B2-019B4FBC74C0}"
EndProject
Project("{2150E333-8FDC-42A3-9474-1A3956D46DE8}") = "02.Services", "02.Services", "{2086D84C-3C8E-4289-A709-9AA7A8140F22}"
EndProject
Project("{2150E333-8FDC-42A3-9474-1A3956D46DE8}") = "03.Persistence", "03.Persistence", "{D2534909-8E60-4852-B911-9E702ACF645E}"
EndProject
Project("{2150E333-8FDC-42A3-9474-1A3956D46DE8}") = "04.Models", "04.Models", "{DA21A073-6D52-44AB-8464-437142FE3583}"
EndProject
Project("{9A19103F-16F7-4668-BE54-9A1E7A4F7556}") = "Catalog.Persistence.Database", "Source\Services\Catalog\Catalog.Persistence.Database\Catalog.Persistence.Database.csproj", "{77B33F92-867A-417B-9EE9-26EAEE874599}"
EndProject
Project("{9A19103F-16F7-4668-BE54-9A1E7A4F7556}") = "CatalogDomain", "Source\Services\Catalog\CatalogDomain\CatalogDomain.csproj", "{F177CD58-E832-40B7-A9C6-AB98D7027519}"
EndProject
Project("{9A19103F-16F7-4668-BE54-9A1E7A4F7556}") = "Catalog.Services.Queries", "Source\Services\Catalog\Catalog.Services.Queries\Catalog.Services.Queries.csproj", "{330F66DE-EE01-4B88-AEF1-162A455CA2DE}"
EndProject
Project("{2150E333-8FDC-42A3-9474-1A3956D46DE8}") = "Common", "Common", "{E5A6AE86-D773-49A1-8008-9FC5C7A562DE}"
EndProject
Project("{9A19103F-16F7-4668-BE54-9A1E7A4F7556}") = "Service.Common.Collection", "Service.Common.Collection\Service.Common.Collection.csproj", "{D407E16A-6FDD-4D31-BEA4-67EB4959AD54}"
EndProject
Project("{9A19103F-16F7-4668-BE54-9A1E7A4F7556}") = "Service.Common.Mapping", "Service.Common.Mapping\Service.Common.Mapping.csproj", "{5321352B-9576-4524-B4CE-59C01AAB97EE}"
EndProject
Project("{9A19103F-16F7-4668-BE54-9A1E7A4F7556}") = "Service.Common.Paging", "Service.Common.Paging\Service.Common.Paging.csproj", "{4E989358-70EE-4D56-910F-A960442706B6}"
EndProject
Project("{9A19103F-16F7-4668-BE54-9A1E7A4F7556}") = "Catalog.Services.EventHandlers", "Source\Services\Catalog\Catalog.Services.EventHandlers\Catalog.Services.EventHandlers.csproj", "{ECA410FB-F0F9-437B-AF96-70343A1E3CDE}"
EndProject
Project("{2150E333-8FDC-42A3-9474-1A3956D46DE8}") = "05.Common", "05.Common", "{B1CADA69-3D52-465D-BE27-766ED62D7179}"
EndProject
Project("{9A19103F-16F7-4668-BE54-9A1E7A4F7556}") = "Catalog.Common", "Source\Services\Catalog\Catalog.Common\Catalog.Common.csproj", "{EF89B1F9-4D0F-4AF9-8517-8CA2DEAF49C5}"
EndProject
Project("{2150E333-8FDC-42A3-9474-1A3956D46DE8}") = "02.Common", "02.Common", "{1573ADDB-5A2A-4A3B-8B54-A87B202FEB35}"
EndProject
Project("{9A19103F-16F7-4668-BE54-9A1E7A4F7556}") = "Common.Logging", "Source\Common.Logging\Common.Logging.csproj", "{6187115A-DD3F-47B6-BA9F-0EABD21BF086}"
EndProject
Project("{2150E333-8FDC-42A3-9474-1A3956D46DE8}") = "01. API", "01. API", "{51415FE9-8871-4E5C-B643-D66F135F3F07}"
EndProject
Project("{2150E333-8FDC-42A3-9474-1A3956D46DE8}") = "02. Services", "02. Services", "{3A97F2CB-BDD2-4FBC-9C8C-32977CBE8467}"
EndProject
Project("{2150E333-8FDC-42A3-9474-1A3956D46DE8}") = "03. Persistence", "03. Persistence", "{D12603D8-9C3D-4A4F-9BD5-DE55D21F65EA}"
EndProject
Project("{2150E333-8FDC-42A3-9474-1A3956D46DE8}") = "04. Models", "04. Models", "{9B761C6A-9B0B-42F5-ABC0-08686AB60B9C}"
EndProject
Project("{9A19103F-16F7-4668-BE54-9A1E7A4F7556}") = "Customer.Domain", "Source\Services\Customer\Customer.Domain\Customer.Domain.csproj", "{7ABA90C8-4420-497E-9106-51D3E590E7E0}"
EndProject
Project("{9A19103F-16F7-4668-BE54-9A1E7A4F7556}") = "Customer.Api", "Source\Services\Customer\Customer.Api\Customer.Api.csproj", "{CD01DD2D-BCF0-4A68-9DCE-724E0F74B11A}"
EndProject
Project("{9A19103F-16F7-4668-BE54-9A1E7A4F7556}") = "Customer.Service.Eventhandlers", "Source\Services\Customer\Customer.Service.Eventhandlers\Customer.Service.Eventhandlers.csproj", "{1A78CDAD-1157-4E90-9C9A-2BE92008D8A4}"
EndProject
Project("{9A19103F-16F7-4668-BE54-9A1E7A4F7556}") = "Customer.Service.Queries", "Source\Services\Customer\Customer.Service.Queries\Customer.Service.Queries.csproj", "{A69E93BB-5D10-4B0E-B0ED-5BA7500558C2}"
EndProject
Project("{9A19103F-16F7-4668-BE54-9A1E7A4F7556}") = "Customer.Persistence.Database", "Source\Services\Customer\Customer.Persistence.Database\Customer.Persistence.Database.csproj", "{668EC38D-65A9-48E1-8DD6-4CD9C6A15D39}"
EndProject
Project("{2150E333-8FDC-42A3-9474-1A3956D46DE8}") = "01. API", "01. API", "{80BA8C1E-F224-4B00-B132-84613CD4BEEC}"
EndProject
Project("{9A19103F-16F7-4668-BE54-9A1E7A4F7556}") = "Indetity.Api", "Source\Services\Identity\Indetity.Api\Indetity.Api.csproj", "{4501F22B-D4A0-46D8-941A-79C2CC2DBC42}"
EndProject
Project("{2150E333-8FDC-42A3-9474-1A3956D46DE8}") = "02. Services", "02. Services", "{1CBBDDF1-E190-4190-8BA8-AA7A3B4093D6}"
EndProject
Project("{9A19103F-16F7-4668-BE54-9A1E7A4F7556}") = "Identity.Service.EventHandlers", "Source\Services\Identity\Identity.Service.EventHandlers\Identity.Service.EventHandlers.csproj", "{194AD5D6-EF15-441B-A0CE-E2A1A0137980}"
EndProject
Project("{9A19103F-16F7-4668-BE54-9A1E7A4F7556}") = "Identity.Service.Queries", "Source\Services\Identity\Identity.Service.Queries\Identity.Service.Queries.csproj", "{7B368153-08CD-4EB1-9024-5AB52573B177}"
EndProject
Project("{2150E333-8FDC-42A3-9474-1A3956D46DE8}") = "03. Persitence", "03. Persitence", "{FC13BD97-7E3C-45E6-BD51-4DF1C1DE6823}"
EndProject
Project("{9A19103F-16F7-4668-BE54-9A1E7A4F7556}") = "Identity.Persistence.Database", "Source\Services\Identity\Identity.Persistence.Database\Identity.Persistence.Database.csproj", "{80B1A394-25BE-481F-A08E-E50CBFA741D1}"
EndProject
Project("{2150E333-8FDC-42A3-9474-1A3956D46DE8}") = "04. Models", "04. Models", "{6159B5C0-81E3-406D-BBB5-388E275DF82B}"
EndProject
Project("{9A19103F-16F7-4668-BE54-9A1E7A4F7556}") = "Identity.Domain", "Source\Services\Identity\Identity.Domain\Identity.Domain.csproj", "{4AA09B5B-649A-493A-B841-9DE953454C6B}"
EndProject
Project("{2150E333-8FDC-42A3-9474-1A3956D46DE8}") = "01. API", "01. API", "{08090719-48ED-44DD-85F4-CA569952758B}"
EndProject
Project("{2150E333-8FDC-42A3-9474-1A3956D46DE8}") = "02. Services", "02. Services", "{2A02869E-96E4-4B3B-9F1C-4BBB5DFE25BA}"
EndProject
Project("{2150E333-8FDC-42A3-9474-1A3956D46DE8}") = "03. Persistence", "03. Persistence", "{195728C9-2767-42C7-B28E-732ABDED4DF8}"
EndProject
Project("{2150E333-8FDC-42A3-9474-1A3956D46DE8}") = "04. Models", "04. Models", "{18E34219-2821-41CA-A83C-001D6F29E664}"
EndProject
Project("{2150E333-8FDC-42A3-9474-1A3956D46DE8}") = "05. Common", "05. Common", "{1A91F32C-F9E5-4B6D-9127-CCD0DCDA9A55}"
EndProject
Project("{9A19103F-16F7-4668-BE54-9A1E7A4F7556}") = "Order.Common", "Source\Services\Order\Order.Common\Order.Common.csproj", "{CEC5ACA9-B9EF-4FEB-AA16-DF0B45932C4F}"
EndProject
Project("{9A19103F-16F7-4668-BE54-9A1E7A4F7556}") = "Order.Domain", "Source\Services\Order\Order.Domain\Order.Domain.csproj", "{9C46A0E8-9CDC-4EF0-A38D-20E286E0064F}"
EndProject
Project("{9A19103F-16F7-4668-BE54-9A1E7A4F7556}") = "Order.Persistence.Database", "Source\Services\Order\Order.Persistence.Database\Order.Persistence.Database.csproj", "{409F17F0-D67F-4206-B0E9-570C3170E1F4}"
EndProject
Project("{9A19103F-16F7-4668-BE54-9A1E7A4F7556}") = "Order.Service.Queries", "Source\Services\Order\Order.Service.Queries\Order.Service.Queries.csproj", "{722471FD-CFD0-466E-8D31-E3FF6D5B40BA}"
EndProject
Project("{9A19103F-16F7-4668-BE54-9A1E7A4F7556}") = "Order.Service.Proxies", "Source\Services\Order\Order.Service.Proxies\Order.Service.Proxies.csproj", "{353CAD9E-5B45-422E-AB4A-B7408ED574D3}"
EndProject
Project("{9A19103F-16F7-4668-BE54-9A1E7A4F7556}") = "Order.Service.EventHandlers", "Source\Services\Order\Order.Service.EventHandlers\Order.Service.EventHandlers.csproj", "{7AE59E64-14DD-445D-B348-1147E1E1E7A6}"
EndProject
Project("{9A19103F-16F7-4668-BE54-9A1E7A4F7556}") = "Order.Api", "Source\Services\Order\Order.Api\Order.Api.csproj", "{8C8B9611-0BB5-47C6-B31B-E68BFCB36778}"
EndProject
Global
	GlobalSection(SolutionConfigurationPlatforms) = preSolution
		Debug|Any CPU = Debug|Any CPU
		Release|Any CPU = Release|Any CPU
	EndGlobalSection
	GlobalSection(ProjectConfigurationPlatforms) = postSolution
		{2DCB75B8-0FCD-4CAA-AC73-743BA0AD359E}.Debug|Any CPU.ActiveCfg = Debug|Any CPU
		{2DCB75B8-0FCD-4CAA-AC73-743BA0AD359E}.Debug|Any CPU.Build.0 = Debug|Any CPU
		{2DCB75B8-0FCD-4CAA-AC73-743BA0AD359E}.Release|Any CPU.ActiveCfg = Release|Any CPU
		{2DCB75B8-0FCD-4CAA-AC73-743BA0AD359E}.Release|Any CPU.Build.0 = Release|Any CPU
		{77B33F92-867A-417B-9EE9-26EAEE874599}.Debug|Any CPU.ActiveCfg = Debug|Any CPU
		{77B33F92-867A-417B-9EE9-26EAEE874599}.Debug|Any CPU.Build.0 = Debug|Any CPU
		{77B33F92-867A-417B-9EE9-26EAEE874599}.Release|Any CPU.ActiveCfg = Release|Any CPU
		{77B33F92-867A-417B-9EE9-26EAEE874599}.Release|Any CPU.Build.0 = Release|Any CPU
		{F177CD58-E832-40B7-A9C6-AB98D7027519}.Debug|Any CPU.ActiveCfg = Debug|Any CPU
		{F177CD58-E832-40B7-A9C6-AB98D7027519}.Debug|Any CPU.Build.0 = Debug|Any CPU
		{F177CD58-E832-40B7-A9C6-AB98D7027519}.Release|Any CPU.ActiveCfg = Release|Any CPU
		{F177CD58-E832-40B7-A9C6-AB98D7027519}.Release|Any CPU.Build.0 = Release|Any CPU
		{330F66DE-EE01-4B88-AEF1-162A455CA2DE}.Debug|Any CPU.ActiveCfg = Debug|Any CPU
		{330F66DE-EE01-4B88-AEF1-162A455CA2DE}.Debug|Any CPU.Build.0 = Debug|Any CPU
		{330F66DE-EE01-4B88-AEF1-162A455CA2DE}.Release|Any CPU.ActiveCfg = Release|Any CPU
		{330F66DE-EE01-4B88-AEF1-162A455CA2DE}.Release|Any CPU.Build.0 = Release|Any CPU
		{D407E16A-6FDD-4D31-BEA4-67EB4959AD54}.Debug|Any CPU.ActiveCfg = Debug|Any CPU
		{D407E16A-6FDD-4D31-BEA4-67EB4959AD54}.Debug|Any CPU.Build.0 = Debug|Any CPU
		{D407E16A-6FDD-4D31-BEA4-67EB4959AD54}.Release|Any CPU.ActiveCfg = Release|Any CPU
		{D407E16A-6FDD-4D31-BEA4-67EB4959AD54}.Release|Any CPU.Build.0 = Release|Any CPU
		{5321352B-9576-4524-B4CE-59C01AAB97EE}.Debug|Any CPU.ActiveCfg = Debug|Any CPU
		{5321352B-9576-4524-B4CE-59C01AAB97EE}.Debug|Any CPU.Build.0 = Debug|Any CPU
		{5321352B-9576-4524-B4CE-59C01AAB97EE}.Release|Any CPU.ActiveCfg = Release|Any CPU
		{5321352B-9576-4524-B4CE-59C01AAB97EE}.Release|Any CPU.Build.0 = Release|Any CPU
		{4E989358-70EE-4D56-910F-A960442706B6}.Debug|Any CPU.ActiveCfg = Debug|Any CPU
		{4E989358-70EE-4D56-910F-A960442706B6}.Debug|Any CPU.Build.0 = Debug|Any CPU
		{4E989358-70EE-4D56-910F-A960442706B6}.Release|Any CPU.ActiveCfg = Release|Any CPU
		{4E989358-70EE-4D56-910F-A960442706B6}.Release|Any CPU.Build.0 = Release|Any CPU
		{ECA410FB-F0F9-437B-AF96-70343A1E3CDE}.Debug|Any CPU.ActiveCfg = Debug|Any CPU
		{ECA410FB-F0F9-437B-AF96-70343A1E3CDE}.Debug|Any CPU.Build.0 = Debug|Any CPU
		{ECA410FB-F0F9-437B-AF96-70343A1E3CDE}.Release|Any CPU.ActiveCfg = Release|Any CPU
		{ECA410FB-F0F9-437B-AF96-70343A1E3CDE}.Release|Any CPU.Build.0 = Release|Any CPU
		{EF89B1F9-4D0F-4AF9-8517-8CA2DEAF49C5}.Debug|Any CPU.ActiveCfg = Debug|Any CPU
		{EF89B1F9-4D0F-4AF9-8517-8CA2DEAF49C5}.Debug|Any CPU.Build.0 = Debug|Any CPU
		{EF89B1F9-4D0F-4AF9-8517-8CA2DEAF49C5}.Release|Any CPU.ActiveCfg = Release|Any CPU
		{EF89B1F9-4D0F-4AF9-8517-8CA2DEAF49C5}.Release|Any CPU.Build.0 = Release|Any CPU
		{6187115A-DD3F-47B6-BA9F-0EABD21BF086}.Debug|Any CPU.ActiveCfg = Debug|Any CPU
		{6187115A-DD3F-47B6-BA9F-0EABD21BF086}.Debug|Any CPU.Build.0 = Debug|Any CPU
		{6187115A-DD3F-47B6-BA9F-0EABD21BF086}.Release|Any CPU.ActiveCfg = Release|Any CPU
		{6187115A-DD3F-47B6-BA9F-0EABD21BF086}.Release|Any CPU.Build.0 = Release|Any CPU
		{7ABA90C8-4420-497E-9106-51D3E590E7E0}.Debug|Any CPU.ActiveCfg = Debug|Any CPU
		{7ABA90C8-4420-497E-9106-51D3E590E7E0}.Debug|Any CPU.Build.0 = Debug|Any CPU
		{7ABA90C8-4420-497E-9106-51D3E590E7E0}.Release|Any CPU.ActiveCfg = Release|Any CPU
		{7ABA90C8-4420-497E-9106-51D3E590E7E0}.Release|Any CPU.Build.0 = Release|Any CPU
		{CD01DD2D-BCF0-4A68-9DCE-724E0F74B11A}.Debug|Any CPU.ActiveCfg = Debug|Any CPU
		{CD01DD2D-BCF0-4A68-9DCE-724E0F74B11A}.Debug|Any CPU.Build.0 = Debug|Any CPU
		{CD01DD2D-BCF0-4A68-9DCE-724E0F74B11A}.Release|Any CPU.ActiveCfg = Release|Any CPU
		{CD01DD2D-BCF0-4A68-9DCE-724E0F74B11A}.Release|Any CPU.Build.0 = Release|Any CPU
		{1A78CDAD-1157-4E90-9C9A-2BE92008D8A4}.Debug|Any CPU.ActiveCfg = Debug|Any CPU
		{1A78CDAD-1157-4E90-9C9A-2BE92008D8A4}.Debug|Any CPU.Build.0 = Debug|Any CPU
		{1A78CDAD-1157-4E90-9C9A-2BE92008D8A4}.Release|Any CPU.ActiveCfg = Release|Any CPU
		{1A78CDAD-1157-4E90-9C9A-2BE92008D8A4}.Release|Any CPU.Build.0 = Release|Any CPU
		{A69E93BB-5D10-4B0E-B0ED-5BA7500558C2}.Debug|Any CPU.ActiveCfg = Debug|Any CPU
		{A69E93BB-5D10-4B0E-B0ED-5BA7500558C2}.Debug|Any CPU.Build.0 = Debug|Any CPU
		{A69E93BB-5D10-4B0E-B0ED-5BA7500558C2}.Release|Any CPU.ActiveCfg = Release|Any CPU
		{A69E93BB-5D10-4B0E-B0ED-5BA7500558C2}.Release|Any CPU.Build.0 = Release|Any CPU
		{668EC38D-65A9-48E1-8DD6-4CD9C6A15D39}.Debug|Any CPU.ActiveCfg = Debug|Any CPU
		{668EC38D-65A9-48E1-8DD6-4CD9C6A15D39}.Debug|Any CPU.Build.0 = Debug|Any CPU
		{668EC38D-65A9-48E1-8DD6-4CD9C6A15D39}.Release|Any CPU.ActiveCfg = Release|Any CPU
		{668EC38D-65A9-48E1-8DD6-4CD9C6A15D39}.Release|Any CPU.Build.0 = Release|Any CPU
		{4501F22B-D4A0-46D8-941A-79C2CC2DBC42}.Debug|Any CPU.ActiveCfg = Debug|Any CPU
		{4501F22B-D4A0-46D8-941A-79C2CC2DBC42}.Debug|Any CPU.Build.0 = Debug|Any CPU
		{4501F22B-D4A0-46D8-941A-79C2CC2DBC42}.Release|Any CPU.ActiveCfg = Release|Any CPU
		{4501F22B-D4A0-46D8-941A-79C2CC2DBC42}.Release|Any CPU.Build.0 = Release|Any CPU
		{194AD5D6-EF15-441B-A0CE-E2A1A0137980}.Debug|Any CPU.ActiveCfg = Debug|Any CPU
		{194AD5D6-EF15-441B-A0CE-E2A1A0137980}.Debug|Any CPU.Build.0 = Debug|Any CPU
		{194AD5D6-EF15-441B-A0CE-E2A1A0137980}.Release|Any CPU.ActiveCfg = Release|Any CPU
		{194AD5D6-EF15-441B-A0CE-E2A1A0137980}.Release|Any CPU.Build.0 = Release|Any CPU
		{7B368153-08CD-4EB1-9024-5AB52573B177}.Debug|Any CPU.ActiveCfg = Debug|Any CPU
		{7B368153-08CD-4EB1-9024-5AB52573B177}.Debug|Any CPU.Build.0 = Debug|Any CPU
		{7B368153-08CD-4EB1-9024-5AB52573B177}.Release|Any CPU.ActiveCfg = Release|Any CPU
		{7B368153-08CD-4EB1-9024-5AB52573B177}.Release|Any CPU.Build.0 = Release|Any CPU
		{80B1A394-25BE-481F-A08E-E50CBFA741D1}.Debug|Any CPU.ActiveCfg = Debug|Any CPU
		{80B1A394-25BE-481F-A08E-E50CBFA741D1}.Debug|Any CPU.Build.0 = Debug|Any CPU
		{80B1A394-25BE-481F-A08E-E50CBFA741D1}.Release|Any CPU.ActiveCfg = Release|Any CPU
		{80B1A394-25BE-481F-A08E-E50CBFA741D1}.Release|Any CPU.Build.0 = Release|Any CPU
		{4AA09B5B-649A-493A-B841-9DE953454C6B}.Debug|Any CPU.ActiveCfg = Debug|Any CPU
		{4AA09B5B-649A-493A-B841-9DE953454C6B}.Debug|Any CPU.Build.0 = Debug|Any CPU
		{4AA09B5B-649A-493A-B841-9DE953454C6B}.Release|Any CPU.ActiveCfg = Release|Any CPU
		{4AA09B5B-649A-493A-B841-9DE953454C6B}.Release|Any CPU.Build.0 = Release|Any CPU
		{CEC5ACA9-B9EF-4FEB-AA16-DF0B45932C4F}.Debug|Any CPU.ActiveCfg = Debug|Any CPU
		{CEC5ACA9-B9EF-4FEB-AA16-DF0B45932C4F}.Debug|Any CPU.Build.0 = Debug|Any CPU
		{CEC5ACA9-B9EF-4FEB-AA16-DF0B45932C4F}.Release|Any CPU.ActiveCfg = Release|Any CPU
		{CEC5ACA9-B9EF-4FEB-AA16-DF0B45932C4F}.Release|Any CPU.Build.0 = Release|Any CPU
		{9C46A0E8-9CDC-4EF0-A38D-20E286E0064F}.Debug|Any CPU.ActiveCfg = Debug|Any CPU
		{9C46A0E8-9CDC-4EF0-A38D-20E286E0064F}.Debug|Any CPU.Build.0 = Debug|Any CPU
		{9C46A0E8-9CDC-4EF0-A38D-20E286E0064F}.Release|Any CPU.ActiveCfg = Release|Any CPU
		{9C46A0E8-9CDC-4EF0-A38D-20E286E0064F}.Release|Any CPU.Build.0 = Release|Any CPU
		{409F17F0-D67F-4206-B0E9-570C3170E1F4}.Debug|Any CPU.ActiveCfg = Debug|Any CPU
		{409F17F0-D67F-4206-B0E9-570C3170E1F4}.Debug|Any CPU.Build.0 = Debug|Any CPU
		{409F17F0-D67F-4206-B0E9-570C3170E1F4}.Release|Any CPU.ActiveCfg = Release|Any CPU
		{409F17F0-D67F-4206-B0E9-570C3170E1F4}.Release|Any CPU.Build.0 = Release|Any CPU
		{722471FD-CFD0-466E-8D31-E3FF6D5B40BA}.Debug|Any CPU.ActiveCfg = Debug|Any CPU
		{722471FD-CFD0-466E-8D31-E3FF6D5B40BA}.Debug|Any CPU.Build.0 = Debug|Any CPU
		{722471FD-CFD0-466E-8D31-E3FF6D5B40BA}.Release|Any CPU.ActiveCfg = Release|Any CPU
		{722471FD-CFD0-466E-8D31-E3FF6D5B40BA}.Release|Any CPU.Build.0 = Release|Any CPU
		{353CAD9E-5B45-422E-AB4A-B7408ED574D3}.Debug|Any CPU.ActiveCfg = Debug|Any CPU
		{353CAD9E-5B45-422E-AB4A-B7408ED574D3}.Debug|Any CPU.Build.0 = Debug|Any CPU
		{353CAD9E-5B45-422E-AB4A-B7408ED574D3}.Release|Any CPU.ActiveCfg = Release|Any CPU
		{353CAD9E-5B45-422E-AB4A-B7408ED574D3}.Release|Any CPU.Build.0 = Release|Any CPU
		{7AE59E64-14DD-445D-B348-1147E1E1E7A6}.Debug|Any CPU.ActiveCfg = Debug|Any CPU
		{7AE59E64-14DD-445D-B348-1147E1E1E7A6}.Debug|Any CPU.Build.0 = Debug|Any CPU
		{7AE59E64-14DD-445D-B348-1147E1E1E7A6}.Release|Any CPU.ActiveCfg = Release|Any CPU
		{7AE59E64-14DD-445D-B348-1147E1E1E7A6}.Release|Any CPU.Build.0 = Release|Any CPU
		{8C8B9611-0BB5-47C6-B31B-E68BFCB36778}.Debug|Any CPU.ActiveCfg = Debug|Any CPU
		{8C8B9611-0BB5-47C6-B31B-E68BFCB36778}.Debug|Any CPU.Build.0 = Debug|Any CPU
		{8C8B9611-0BB5-47C6-B31B-E68BFCB36778}.Release|Any CPU.ActiveCfg = Release|Any CPU
		{8C8B9611-0BB5-47C6-B31B-E68BFCB36778}.Release|Any CPU.Build.0 = Release|Any CPU
	EndGlobalSection
	GlobalSection(SolutionProperties) = preSolution
		HideSolutionNode = FALSE
	EndGlobalSection
	GlobalSection(NestedProjects) = preSolution
		{3B700722-621A-4628-8FDC-CD239CC31D50} = {4FB52E2A-029E-4468-97B5-75AE571F407F}
		{5419517A-40E3-4232-94F7-DADD15713B29} = {4FB52E2A-029E-4468-97B5-75AE571F407F}
		{F3DD956C-90C6-4BF9-8E86-EC5C25BA1C40} = {4FB52E2A-029E-4468-97B5-75AE571F407F}
		{3FA5803F-6955-489A-9CE1-1AD6693DDB08} = {4FB52E2A-029E-4468-97B5-75AE571F407F}
		{2DCB75B8-0FCD-4CAA-AC73-743BA0AD359E} = {CE9D5125-C132-416E-88B2-019B4FBC74C0}
		{CE9D5125-C132-416E-88B2-019B4FBC74C0} = {5419517A-40E3-4232-94F7-DADD15713B29}
		{2086D84C-3C8E-4289-A709-9AA7A8140F22} = {5419517A-40E3-4232-94F7-DADD15713B29}
		{D2534909-8E60-4852-B911-9E702ACF645E} = {5419517A-40E3-4232-94F7-DADD15713B29}
		{DA21A073-6D52-44AB-8464-437142FE3583} = {5419517A-40E3-4232-94F7-DADD15713B29}
		{77B33F92-867A-417B-9EE9-26EAEE874599} = {D2534909-8E60-4852-B911-9E702ACF645E}
		{F177CD58-E832-40B7-A9C6-AB98D7027519} = {DA21A073-6D52-44AB-8464-437142FE3583}
		{330F66DE-EE01-4B88-AEF1-162A455CA2DE} = {2086D84C-3C8E-4289-A709-9AA7A8140F22}
		{E5A6AE86-D773-49A1-8008-9FC5C7A562DE} = {4FB52E2A-029E-4468-97B5-75AE571F407F}
		{D407E16A-6FDD-4D31-BEA4-67EB4959AD54} = {E5A6AE86-D773-49A1-8008-9FC5C7A562DE}
		{5321352B-9576-4524-B4CE-59C01AAB97EE} = {E5A6AE86-D773-49A1-8008-9FC5C7A562DE}
		{4E989358-70EE-4D56-910F-A960442706B6} = {E5A6AE86-D773-49A1-8008-9FC5C7A562DE}
		{ECA410FB-F0F9-437B-AF96-70343A1E3CDE} = {2086D84C-3C8E-4289-A709-9AA7A8140F22}
		{B1CADA69-3D52-465D-BE27-766ED62D7179} = {5419517A-40E3-4232-94F7-DADD15713B29}
		{EF89B1F9-4D0F-4AF9-8517-8CA2DEAF49C5} = {B1CADA69-3D52-465D-BE27-766ED62D7179}
		{6187115A-DD3F-47B6-BA9F-0EABD21BF086} = {1573ADDB-5A2A-4A3B-8B54-A87B202FEB35}
		{51415FE9-8871-4E5C-B643-D66F135F3F07} = {F3DD956C-90C6-4BF9-8E86-EC5C25BA1C40}
		{3A97F2CB-BDD2-4FBC-9C8C-32977CBE8467} = {F3DD956C-90C6-4BF9-8E86-EC5C25BA1C40}
		{D12603D8-9C3D-4A4F-9BD5-DE55D21F65EA} = {F3DD956C-90C6-4BF9-8E86-EC5C25BA1C40}
		{9B761C6A-9B0B-42F5-ABC0-08686AB60B9C} = {F3DD956C-90C6-4BF9-8E86-EC5C25BA1C40}
		{7ABA90C8-4420-497E-9106-51D3E590E7E0} = {9B761C6A-9B0B-42F5-ABC0-08686AB60B9C}
		{CD01DD2D-BCF0-4A68-9DCE-724E0F74B11A} = {51415FE9-8871-4E5C-B643-D66F135F3F07}
		{1A78CDAD-1157-4E90-9C9A-2BE92008D8A4} = {3A97F2CB-BDD2-4FBC-9C8C-32977CBE8467}
		{A69E93BB-5D10-4B0E-B0ED-5BA7500558C2} = {3A97F2CB-BDD2-4FBC-9C8C-32977CBE8467}
		{668EC38D-65A9-48E1-8DD6-4CD9C6A15D39} = {D12603D8-9C3D-4A4F-9BD5-DE55D21F65EA}
		{80BA8C1E-F224-4B00-B132-84613CD4BEEC} = {3B700722-621A-4628-8FDC-CD239CC31D50}
		{4501F22B-D4A0-46D8-941A-79C2CC2DBC42} = {80BA8C1E-F224-4B00-B132-84613CD4BEEC}
		{1CBBDDF1-E190-4190-8BA8-AA7A3B4093D6} = {3B700722-621A-4628-8FDC-CD239CC31D50}
		{194AD5D6-EF15-441B-A0CE-E2A1A0137980} = {1CBBDDF1-E190-4190-8BA8-AA7A3B4093D6}
		{7B368153-08CD-4EB1-9024-5AB52573B177} = {1CBBDDF1-E190-4190-8BA8-AA7A3B4093D6}
		{FC13BD97-7E3C-45E6-BD51-4DF1C1DE6823} = {3B700722-621A-4628-8FDC-CD239CC31D50}
		{80B1A394-25BE-481F-A08E-E50CBFA741D1} = {FC13BD97-7E3C-45E6-BD51-4DF1C1DE6823}
		{6159B5C0-81E3-406D-BBB5-388E275DF82B} = {3B700722-621A-4628-8FDC-CD239CC31D50}
		{4AA09B5B-649A-493A-B841-9DE953454C6B} = {6159B5C0-81E3-406D-BBB5-388E275DF82B}
		{08090719-48ED-44DD-85F4-CA569952758B} = {3FA5803F-6955-489A-9CE1-1AD6693DDB08}
		{2A02869E-96E4-4B3B-9F1C-4BBB5DFE25BA} = {3FA5803F-6955-489A-9CE1-1AD6693DDB08}
		{195728C9-2767-42C7-B28E-732ABDED4DF8} = {3FA5803F-6955-489A-9CE1-1AD6693DDB08}
		{18E34219-2821-41CA-A83C-001D6F29E664} = {3FA5803F-6955-489A-9CE1-1AD6693DDB08}
		{1A91F32C-F9E5-4B6D-9127-CCD0DCDA9A55} = {3FA5803F-6955-489A-9CE1-1AD6693DDB08}
		{CEC5ACA9-B9EF-4FEB-AA16-DF0B45932C4F} = {1A91F32C-F9E5-4B6D-9127-CCD0DCDA9A55}
		{9C46A0E8-9CDC-4EF0-A38D-20E286E0064F} = {18E34219-2821-41CA-A83C-001D6F29E664}
		{409F17F0-D67F-4206-B0E9-570C3170E1F4} = {195728C9-2767-42C7-B28E-732ABDED4DF8}
		{722471FD-CFD0-466E-8D31-E3FF6D5B40BA} = {2A02869E-96E4-4B3B-9F1C-4BBB5DFE25BA}
		{353CAD9E-5B45-422E-AB4A-B7408ED574D3} = {2A02869E-96E4-4B3B-9F1C-4BBB5DFE25BA}
		{7AE59E64-14DD-445D-B348-1147E1E1E7A6} = {2A02869E-96E4-4B3B-9F1C-4BBB5DFE25BA}
		{8C8B9611-0BB5-47C6-B31B-E68BFCB36778} = {08090719-48ED-44DD-85F4-CA569952758B}
	EndGlobalSection
	GlobalSection(ExtensibilityGlobals) = postSolution
		SolutionGuid = {F9B369D2-768C-4126-87C4-5B31C34D7F81}
	EndGlobalSection
EndGlobal
